
Microsoft Visual Studio Solution File, Format Version 12.00
# Visual Studio 15
VisualStudioVersion = 15.0.28010.2046
MinimumVisualStudioVersion = 10.0.40219.1
Project("{FAE04EC0-301F-11D3-BF4B-00C04F79EFBC}") = "magnificence-pro003", "magnificence-pro003\magnificence-pro003.csproj", "{BDB9ADD1-2FAA-4C67-9815-7EDDDF8FC6C7}"
EndProject
Global
	GlobalSection(SolutionConfigurationPlatforms) = preSolution
		Debug|Any CPU = Debug|Any CPU
		Release|Any CPU = Release|Any CPU
	EndGlobalSection
	GlobalSection(ProjectConfigurationPlatforms) = postSolution
		{BDB9ADD1-2FAA-4C67-9815-7EDDDF8FC6C7}.Debug|Any CPU.ActiveCfg = Debug|Any CPU
		{BDB9ADD1-2FAA-4C67-9815-7EDDDF8FC6C7}.Debug|Any CPU.Build.0 = Debug|Any CPU
		{BDB9ADD1-2FAA-4C67-9815-7EDDDF8FC6C7}.Release|Any CPU.ActiveCfg = Release|Any CPU
		{BDB9ADD1-2FAA-4C67-9815-7EDDDF8FC6C7}.Release|Any CPU.Build.0 = Release|Any CPU
	EndGlobalSection
	GlobalSection(SolutionProperties) = preSolution
		HideSolutionNode = FALSE
	EndGlobalSection
	GlobalSection(ExtensibilityGlobals) = postSolution
		SolutionGuid = {CB8E9E51-B2A7-4E7F-AD4E-5F15675AA5F6}
	EndGlobalSection
EndGlobal
